// !$*UTF8*$!
{
	archiveVersion = 1;
	classes = {
	};
	objectVersion = 46;
	objects = {

/* Begin PBXBuildFile section */
		FDCC3BD11E21897A00F6FEF7 /* AppDelegate.swift in Sources */ = {isa = PBXBuildFile; fileRef = FDCC3BD01E21897A00F6FEF7 /* AppDelegate.swift */; };
		FDCC3BD31E21897A00F6FEF7 /* ViewController.swift in Sources */ = {isa = PBXBuildFile; fileRef = FDCC3BD21E21897A00F6FEF7 /* ViewController.swift */; };
		FDCC3BD61E21897A00F6FEF7 /* Main.storyboard in Resources */ = {isa = PBXBuildFile; fileRef = FDCC3BD41E21897A00F6FEF7 /* Main.storyboard */; };
		FDCC3BD81E21897A00F6FEF7 /* Assets.xcassets in Resources */ = {isa = PBXBuildFile; fileRef = FDCC3BD71E21897A00F6FEF7 /* Assets.xcassets */; };
		FDCC3BDB1E21897A00F6FEF7 /* LaunchScreen.storyboard in Resources */ = {isa = PBXBuildFile; fileRef = FDCC3BD91E21897A00F6FEF7 /* LaunchScreen.storyboard */; };
/* End PBXBuildFile section */

/* Begin PBXFileReference section */
		FDCC3BCD1E21897A00F6FEF7 /* RetroCalculator.app */ = {isa = PBXFileReference; explicitFileType = wrapper.application; includeInIndex = 0; path = RetroCalculator.app; sourceTree = BUILT_PRODUCTS_DIR; };
		FDCC3BD01E21897A00F6FEF7 /* AppDelegate.swift */ = {isa = PBXFileReference; lastKnownFileType = sourcecode.swift; path = AppDelegate.swift; sourceTree = "<group>"; };
		FDCC3BD21E21897A00F6FEF7 /* ViewController.swift */ = {isa = PBXFileReference; lastKnownFileType = sourcecode.swift; path = ViewController.swift; sourceTree = "<group>"; };
		FDCC3BD51E21897A00F6FEF7 /* Base */ = {isa = PBXFileReference; lastKnownFileType = file.storyboard; name = Base; path = Base.lproj/Main.storyboard; sourceTree = "<group>"; };
		FDCC3BD71E21897A00F6FEF7 /* Assets.xcassets */ = {isa = PBXFileReference; lastKnownFileType = folder.assetcatalog; path = Assets.xcassets; sourceTree = "<group>"; };
		FDCC3BDA1E21897A00F6FEF7 /* Base */ = {isa = PBXFileReference; lastKnownFileType = file.storyboard; name = Base; path = Base.lproj/LaunchScreen.storyboard; sourceTree = "<group>"; };
		FDCC3BDC1E21897A00F6FEF7 /* Info.plist */ = {isa = PBXFileReference; lastKnownFileType = text.plist.xml; path = Info.plist; sourceTree = "<group>"; };
/* End PBXFileReference section */

/* Begin PBXFrameworksBuildPhase section */
		FDCC3BCA1E21897A00F6FEF7 /* Frameworks */ = {
			isa = PBXFrameworksBuildPhase;
			buildActionMask = 2147483647;
			files = (
			);
			runOnlyForDeploymentPostprocessing = 0;
		};
/* End PBXFrameworksBuildPhase section */

/* Begin PBXGroup section */
		FDCC3BC41E21897900F6FEF7 = {
			isa = PBXGroup;
			children = (
				FDCC3BCF1E21897A00F6FEF7 /* RetroCalculator */,
				FDCC3BCE1E21897A00F6FEF7 /* Products */,
			);
			sourceTree = "<group>";
		};
		FDCC3BCE1E21897A00F6FEF7 /* Products */ = {
			isa = PBXGroup;
			children = (
				FDCC3BCD1E21897A00F6FEF7 /* RetroCalculator.app */,
			);
			name = Products;
			sourceTree = "<group>";
		};
		FDCC3BCF1E21897A00F6FEF7 /* RetroCalculator */ = {
			isa = PBXGroup;
			children = (
				FDCC3BD01E21897A00F6FEF7 /* AppDelegate.swift */,
				FDCC3BD21E21897A00F6FEF7 /* ViewController.swift */,
				FDCC3BD41E21897A00F6FEF7 /* Main.storyboard */,
				FDCC3BD71E21897A00F6FEF7 /* Assets.xcassets */,
				FDCC3BD91E21897A00F6FEF7 /* LaunchScreen.storyboard */,
				FDCC3BDC1E21897A00F6FEF7 /* Info.plist */,
			);
			path = RetroCalculator;
			sourceTree = "<group>";
		};
/* End PBXGroup section */

/* Begin PBXNativeTarget section */
		FDCC3BCC1E21897A00F6FEF7 /* RetroCalculator */ = {
			isa = PBXNativeTarget;
			buildConfigurationList = FDCC3BDF1E21897A00F6FEF7 /* Build configuration list for PBXNativeTarget "RetroCalculator" */;
			buildPhases = (
				FDCC3BC91E21897A00F6FEF7 /* Sources */,
				FDCC3BCA1E21897A00F6FEF7 /* Frameworks */,
				FDCC3BCB1E21897A00F6FEF7 /* Resources */,
			);
			buildRules = (
			);
			dependencies = (
			);
			name = RetroCalculator;
			productName = RetroCalculator;
			productReference = FDCC3BCD1E21897A00F6FEF7 /* RetroCalculator.app */;
			productType = "com.apple.product-type.application";
		};
/* End PBXNativeTarget section */

/* Begin PBXProject section */
		FDCC3BC51E21897900F6FEF7 /* Project object */ = {
			isa = PBXProject;
			attributes = {
				LastSwiftUpdateCheck = 0820;
				LastUpgradeCheck = 0820;
				ORGANIZATIONNAME = "Akshay Thakare";
				TargetAttributes = {
					FDCC3BCC1E21897A00F6FEF7 = {
						CreatedOnToolsVersion = 8.2.1;
						DevelopmentTeam = 4D37JSESM4;
						ProvisioningStyle = Automatic;
					};
				};
			};
			buildConfigurationList = FDCC3BC81E21897900F6FEF7 /* Build configuration list for PBXProject "RetroCalculator" */;
			compatibilityVersion = "Xcode 3.2";
			developmentRegion = English;
			hasScannedForEncodings = 0;
			knownRegions = (
				en,
				Base,
			);
			mainGroup = FDCC3BC41E21897900F6FEF7;
			productRefGroup = FDCC3BCE1E21897A00F6FEF7 /* Products */;
			projectDirPath = "";
			projectRoot = "";
			targets = (
				FDCC3BCC1E21897A00F6FEF7 /* RetroCalculator */,
			);
		};
/* End PBXProject section */

/* Begin PBXResourcesBuildPhase section */
		FDCC3BCB1E21897A00F6FEF7 /* Resources */ = {
			isa = PBXResourcesBuildPhase;
			buildActionMask = 2147483647;
			files = (
				FDCC3BDB1E21897A00F6FEF7 /* LaunchScreen.storyboard in Resources */,
				FDCC3BD81E21897A00F6FEF7 /* Assets.xcassets in Resources */,
				FDCC3BD61E21897A00F6FEF7 /* Main.storyboard in Resources */,
			);
			runOnlyForDeploymentPostprocessing = 0;
		};
/* End PBXResourcesBuildPhase section */

/* Begin PBXSourcesBuildPhase section */
		FDCC3BC91E21897A00F6FEF7 /* Sources */ = {
			isa = PBXSourcesBuildPhase;
			buildActionMask = 2147483647;
			files = (
				FDCC3BD31E21897A00F6FEF7 /* ViewController.swift in Sources */,
				FDCC3BD11E21897A00F6FEF7 /* AppDelegate.swift in Sources */,
			);
			runOnlyForDeploymentPostprocessing = 0;
		};
/* End PBXSourcesBuildPhase section */

/* Begin PBXVariantGroup section */
		FDCC3BD41E21897A00F6FEF7 /* Main.storyboard */ = {
			isa = PBXVariantGroup;
			children = (
				FDCC3BD51E21897A00F6FEF7 /* Base */,
			);
			name = Main.storyboard;
			sourceTree = "<group>";
		};
		FDCC3BD91E21897A00F6FEF7 /* LaunchScreen.storyboard */ = {
			isa = PBXVariantGroup;
			children = (
				FDCC3BDA1E21897A00F6FEF7 /* Base */,
			);
			name = LaunchScreen.storyboard;
			sourceTree = "<group>";
		};
/* End PBXVariantGroup section */

/* Begin XCBuildConfiguration section */
		FDCC3BDD1E21897A00F6FEF7 /* Debug */ = {
			isa = XCBuildConfiguration;
			buildSettings = {
				ALWAYS_SEARCH_USER_PATHS = NO;
				CLANG_ANALYZER_NONNULL = YES;
				CLANG_CXX_LANGUAGE_STANDARD = "gnu++0x";
				CLANG_CXX_LIBRARY = "libc++";
				CLANG_ENABLE_MODULES = YES;
				CLANG_ENABLE_OBJC_ARC = YES;
				CLANG_WARN_BOOL_CONVERSION = YES;
				CLANG_WARN_CONSTANT_CONVERSION = YES;
				CLANG_WARN_DIRECT_OBJC_ISA_USAGE = YES_ERROR;
				CLANG_WARN_DOCUMENTATION_COMMENTS = YES;
				CLANG_WARN_EMPTY_BODY = YES;
				CLANG_WARN_ENUM_CONVERSION = YES;
				CLANG_WARN_INFINITE_RECURSION = YES;
				CLANG_WARN_INT_CONVERSION = YES;
				CLANG_WARN_OBJC_ROOT_CLASS = YES_ERROR;
				CLANG_WARN_SUSPICIOUS_MOVE = YES;
				CLANG_WARN_UNREACHABLE_CODE = YES;
				CLANG_WARN__DUPLICATE_METHOD_MATCH = YES;
				"CODE_SIGN_IDENTITY[sdk=iphoneos*]" = "iPhone Developer";
				COPY_PHASE_STRIP = NO;
				DEBUG_INFORMATION_FORMAT = dwarf;
				ENABLE_STRICT_OBJC_MSGSEND = YES;
				ENABLE_TESTABILITY = YES;
				GCC_C_LANGUAGE_STANDARD = gnu99;
				GCC_DYNAMIC_NO_PIC = NO;
				GCC_NO_COMMON_BLOCKS = YES;
				GCC_OPTIMIZATION_LEVEL = 0;
				GCC_PREPROCESSOR_DEFINITIONS = (
					"DEBUG=1",
					"$(inherited)",
				);
				GCC_WARN_64_TO_32_BIT_CONVERSION = YES;
				GCC_WARN_ABOUT_RETURN_TYPE = YES_ERROR;
				GCC_WARN_UNDECLARED_SELECTOR = YES;
				GCC_WARN_UNINITIALIZED_AUTOS = YES_AGGRESSIVE;
				GCC_WARN_UNUSED_FUNCTION = YES;
				GCC_WARN_UNUSED_VARIABLE = YES;
				IPHONEOS_DEPLOYMENT_TARGET = 10.2;
				MTL_ENABLE_DEBUG_INFO = YES;
				ONLY_ACTIVE_ARCH = YES;
				SDKROOT = iphoneos;
				SWIFT_ACTIVE_COMPILATION_CONDITIONS = DEBUG;
				SWIFT_OPTIMIZATION_LEVEL = "-Onone";
				TARGETED_DEVICE_FAMILY = "1,2";
			};
			name = Debug;
		};
		FDCC3BDE1E21897A00F6FEF7 /* Release */ = {
			isa = XCBuildConfiguration;
			buildSettings = {
				ALWAYS_SEARCH_USER_PATHS = NO;
				CLANG_ANALYZER_NONNULL = YES;
				CLANG_CXX_LANGUAGE_STANDARD = "gnu++0x";
				CLANG_CXX_LIBRARY = "libc++";
				CLANG_ENABLE_MODULES = YES;
				CLANG_ENABLE_OBJC_ARC = YES;
				CLANG_WARN_BOOL_CONVERSION = YES;
				CLANG_WARN_CONSTANT_CONVERSION = YES;
				CLANG_WARN_DIRECT_OBJC_ISA_USAGE = YES_ERROR;
				CLANG_WARN_DOCUMENTATION_COMMENTS = YES;
				CLANG_WARN_EMPTY_BODY = YES;
				CLANG_WARN_ENUM_CONVERSION = YES;
				CLANG_WARN_INFINITE_RECURSION = YES;
				CLANG_WARN_INT_CONVERSION = YES;
				CLANG_WARN_OBJC_ROOT_CLASS = YES_ERROR;
				CLANG_WARN_SUSPICIOUS_MOVE = YES;
				CLANG_WARN_UNREACHABLE_CODE = YES;
				CLANG_WARN__DUPLICATE_METHOD_MATCH = YES;
				"CODE_SIGN_IDENTITY[sdk=iphoneos*]" = "iPhone Developer";
				COPY_PHASE_STRIP = NO;
				DEBUG_INFORMATION_FORMAT = "dwarf-with-dsym";
				ENABLE_NS_ASSERTIONS = NO;
				ENABLE_STRICT_OBJC_MSGSEND = YES;
				GCC_C_LANGUAGE_STANDARD = gnu99;
				GCC_NO_COMMON_BLOCKS = YES;
				GCC_WARN_64_TO_32_BIT_CONVERSION = YES;
				GCC_WARN_ABOUT_RETURN_TYPE = YES_ERROR;
				GCC_WARN_UNDECLARED_SELECTOR = YES;
				GCC_WARN_UNINITIALIZED_AUTOS = YES_AGGRESSIVE;
				GCC_WARN_UNUSED_FUNCTION = YES;
				GCC_WARN_UNUSED_VARIABLE = YES;
				IPHONEOS_DEPLOYMENT_TARGET = 10.2;
				MTL_ENABLE_DEBUG_INFO = NO;
				SDKROOT = iphoneos;
				SWIFT_OPTIMIZATION_LEVEL = "-Owholemodule";
				TARGETED_DEVICE_FAMILY = "1,2";
				VALIDATE_PRODUCT = YES;
			};
			name = Release;
		};
		FDCC3BE01E21897A00F6FEF7 /* Debug */ = {
			isa = XCBuildConfiguration;
			buildSettings = {
				ASSETCATALOG_COMPILER_APPICON_NAME = AppIcon;
				DEVELOPMENT_TEAM = 4D37JSESM4;
				INFOPLIST_FILE = RetroCalculator/Info.plist;
				LD_RUNPATH_SEARCH_PATHS = "$(inherited) @executable_path/Frameworks";
				PRODUCT_BUNDLE_IDENTIFIER = com.swifterAkshay.RetroCalculator;
				PRODUCT_NAME = "$(TARGET_NAME)";
				SWIFT_VERSION = 3.0;
			};
			name = Debug;
		};
		FDCC3BE11E21897A00F6FEF7 /* Release */ = {
			isa = XCBuildConfiguration;
			buildSettings = {
				ASSETCATALOG_COMPILER_APPICON_NAME = AppIcon;
				DEVELOPMENT_TEAM = 4D37JSESM4;
				INFOPLIST_FILE = RetroCalculator/Info.plist;
				LD_RUNPATH_SEARCH_PATHS = "$(inherited) @executable_path/Frameworks";
				PRODUCT_BUNDLE_IDENTIFIER = com.swifterAkshay.RetroCalculator;
				PRODUCT_NAME = "$(TARGET_NAME)";
				SWIFT_VERSION = 3.0;
			};
			name = Release;
		};
/* End XCBuildConfiguration section */

/* Begin XCConfigurationList section */
		FDCC3BC81E21897900F6FEF7 /* Build configuration list for PBXProject "RetroCalculator" */ = {
			isa = XCConfigurationList;
			buildConfigurations = (
				FDCC3BDD1E21897A00F6FEF7 /* Debug */,
				FDCC3BDE1E21897A00F6FEF7 /* Release */,
			);
			defaultConfigurationIsVisible = 0;
			defaultConfigurationName = Release;
		};
		FDCC3BDF1E21897A00F6FEF7 /* Build configuration list for PBXNativeTarget "RetroCalculator" */ = {
			isa = XCConfigurationList;
			buildConfigurations = (
				FDCC3BE01E21897A00F6FEF7 /* Debug */,
				FDCC3BE11E21897A00F6FEF7 /* Release */,
			);
			defaultConfigurationIsVisible = 0;
		};
/* End XCConfigurationList section */
	};
	rootObject = FDCC3BC51E21897900F6FEF7 /* Project object */;
}
